// !$*UTF8*$!
{
	archiveVersion = 1;
	classes = {
	};
	objectVersion = 51;
	objects = {

/* Begin PBXBuildFile section */
		04516816293ED86C005FDD28 /* TaskStorage.swift in Sources */ = {isa = PBXBuildFile; fileRef = 04516815293ED86C005FDD28 /* TaskStorage.swift */; };
		0451681E2940B46B005FDD28 /* MyAlertViewController.swift in Sources */ = {isa = PBXBuildFile; fileRef = 0451681D2940B46B005FDD28 /* MyAlertViewController.swift */; };
		693F5DF029361C3900E25A6B /* TodoModel.xcdatamodeld in Sources */ = {isa = PBXBuildFile; fileRef = 693F5DEE29361C3800E25A6B /* TodoModel.xcdatamodeld */; };
		698A1AF82926901C00E961E6 /* AppDelegate.swift in Sources */ = {isa = PBXBuildFile; fileRef = 698A1AF72926901C00E961E6 /* AppDelegate.swift */; };
		698A1AFA2926901C00E961E6 /* SceneDelegate.swift in Sources */ = {isa = PBXBuildFile; fileRef = 698A1AF92926901C00E961E6 /* SceneDelegate.swift */; };
		698A1AFF2926901D00E961E6 /* Main.storyboard in Resources */ = {isa = PBXBuildFile; fileRef = 698A1AFD2926901D00E961E6 /* Main.storyboard */; };
		698A1B012926904500E961E6 /* Assets.xcassets in Resources */ = {isa = PBXBuildFile; fileRef = 698A1B002926904500E961E6 /* Assets.xcassets */; };
		698A1B042926904500E961E6 /* LaunchScreen.storyboard in Resources */ = {isa = PBXBuildFile; fileRef = 698A1B022926904500E961E6 /* LaunchScreen.storyboard */; };
		698A1B12292694F300E961E6 /* TodoVC.swift in Sources */ = {isa = PBXBuildFile; fileRef = 698A1B11292694F300E961E6 /* TodoVC.swift */; };
		698A1B162926989700E961E6 /* TaskCell.swift in Sources */ = {isa = PBXBuildFile; fileRef = 698A1B152926989700E961E6 /* TaskCell.swift */; };
		698A1B192926996D00E961E6 /* Task.swift in Sources */ = {isa = PBXBuildFile; fileRef = 698A1B182926996D00E961E6 /* Task.swift */; };
		698A1B1C2926C5F800E961E6 /* TaskDetailsVC.swift in Sources */ = {isa = PBXBuildFile; fileRef = 698A1B1B2926C5F800E961E6 /* TaskDetailsVC.swift */; };
		698A1B1F2927BFE200E961E6 /* AddTaskVC.swift in Sources */ = {isa = PBXBuildFile; fileRef = 698A1B1E2927BFE200E961E6 /* AddTaskVC.swift */; };
		E6EBB08977861FDC3C93D412 /* Pods_to_do_app.framework in Frameworks */ = {isa = PBXBuildFile; fileRef = B2B034A13519AE7F559AED91 /* Pods_to_do_app.framework */; };
/* End PBXBuildFile section */

/* Begin PBXFileReference section */
		04516815293ED86C005FDD28 /* TaskStorage.swift */ = {isa = PBXFileReference; lastKnownFileType = sourcecode.swift; path = TaskStorage.swift; sourceTree = "<group>"; };
		0451681D2940B46B005FDD28 /* MyAlertViewController.swift */ = {isa = PBXFileReference; lastKnownFileType = sourcecode.swift; path = MyAlertViewController.swift; sourceTree = "<group>"; };
		1D105371F0717C82FCD7705C /* Pods-to-do app.debug.xcconfig */ = {isa = PBXFileReference; includeInIndex = 1; lastKnownFileType = text.xcconfig; name = "Pods-to-do app.debug.xcconfig"; path = "Target Support Files/Pods-to-do app/Pods-to-do app.debug.xcconfig"; sourceTree = "<group>"; };
		693F5DEF29361C3800E25A6B /* TodoModel.xcdatamodel */ = {isa = PBXFileReference; lastKnownFileType = wrapper.xcdatamodel; path = TodoModel.xcdatamodel; sourceTree = "<group>"; };
		698A1AF42926901C00E961E6 /* to-do app.app */ = {isa = PBXFileReference; explicitFileType = wrapper.application; includeInIndex = 0; path = "to-do app.app"; sourceTree = BUILT_PRODUCTS_DIR; };
		698A1AF72926901C00E961E6 /* AppDelegate.swift */ = {isa = PBXFileReference; lastKnownFileType = sourcecode.swift; path = AppDelegate.swift; sourceTree = "<group>"; };
		698A1AF92926901C00E961E6 /* SceneDelegate.swift */ = {isa = PBXFileReference; lastKnownFileType = sourcecode.swift; path = SceneDelegate.swift; sourceTree = "<group>"; };
		698A1AFE2926901D00E961E6 /* Base */ = {isa = PBXFileReference; lastKnownFileType = file.storyboard; name = Base; path = Base.lproj/Main.storyboard; sourceTree = "<group>"; };
		698A1B002926904500E961E6 /* Assets.xcassets */ = {isa = PBXFileReference; lastKnownFileType = folder.assetcatalog; path = Assets.xcassets; sourceTree = "<group>"; };
		698A1B032926904500E961E6 /* Base */ = {isa = PBXFileReference; lastKnownFileType = file.storyboard; name = Base; path = Base.lproj/LaunchScreen.storyboard; sourceTree = "<group>"; };
		698A1B052926904500E961E6 /* Info.plist */ = {isa = PBXFileReference; lastKnownFileType = text.plist.xml; path = Info.plist; sourceTree = "<group>"; };
		698A1B11292694F300E961E6 /* TodoVC.swift */ = {isa = PBXFileReference; lastKnownFileType = sourcecode.swift; path = TodoVC.swift; sourceTree = "<group>"; };
		698A1B152926989700E961E6 /* TaskCell.swift */ = {isa = PBXFileReference; lastKnownFileType = sourcecode.swift; path = TaskCell.swift; sourceTree = "<group>"; };
		698A1B182926996D00E961E6 /* Task.swift */ = {isa = PBXFileReference; lastKnownFileType = sourcecode.swift; path = Task.swift; sourceTree = "<group>"; };
		698A1B1B2926C5F800E961E6 /* TaskDetailsVC.swift */ = {isa = PBXFileReference; lastKnownFileType = sourcecode.swift; path = TaskDetailsVC.swift; sourceTree = "<group>"; };
		698A1B1E2927BFE200E961E6 /* AddTaskVC.swift */ = {isa = PBXFileReference; lastKnownFileType = sourcecode.swift; path = AddTaskVC.swift; sourceTree = "<group>"; };
		B2B034A13519AE7F559AED91 /* Pods_to_do_app.framework */ = {isa = PBXFileReference; explicitFileType = wrapper.framework; includeInIndex = 0; path = Pods_to_do_app.framework; sourceTree = BUILT_PRODUCTS_DIR; };
		DDAB08A91F5A64F50AF7D119 /* Pods-to-do app.release.xcconfig */ = {isa = PBXFileReference; includeInIndex = 1; lastKnownFileType = text.xcconfig; name = "Pods-to-do app.release.xcconfig"; path = "Target Support Files/Pods-to-do app/Pods-to-do app.release.xcconfig"; sourceTree = "<group>"; };
/* End PBXFileReference section */

/* Begin PBXFrameworksBuildPhase section */
		698A1AF12926901C00E961E6 /* Frameworks */ = {
			isa = PBXFrameworksBuildPhase;
			buildActionMask = 2147483647;
			files = (
				E6EBB08977861FDC3C93D412 /* Pods_to_do_app.framework in Frameworks */,
			);
			runOnlyForDeploymentPostprocessing = 0;
		};
/* End PBXFrameworksBuildPhase section */

/* Begin PBXGroup section */
		04516810293ED7B5005FDD28 /* ViewControllers */ = {
			isa = PBXGroup;
			children = (
				698A1B11292694F300E961E6 /* TodoVC.swift */,
				698A1B1B2926C5F800E961E6 /* TaskDetailsVC.swift */,
				698A1B1E2927BFE200E961E6 /* AddTaskVC.swift */,
			);
			path = ViewControllers;
			sourceTree = "<group>";
		};
		04516811293ED7F5005FDD28 /* Views */ = {
			isa = PBXGroup;
			children = (
				698A1B152926989700E961E6 /* TaskCell.swift */,
				0451681D2940B46B005FDD28 /* MyAlertViewController.swift */,
			);
			path = Views;
			sourceTree = "<group>";
		};
		04516814293ED848005FDD28 /* Models */ = {
			isa = PBXGroup;
			children = (
				698A1B182926996D00E961E6 /* Task.swift */,
				04516815293ED86C005FDD28 /* TaskStorage.swift */,
			);
			path = Models;
			sourceTree = "<group>";
		};
		698A1AEB2926901C00E961E6 = {
			isa = PBXGroup;
			children = (
				698A1AF62926901C00E961E6 /* to-do app */,
				698A1AF52926901C00E961E6 /* Products */,
				BAB613343C6CC983024F5BD8 /* Pods */,
				71A8F22C508BA530C3D52598 /* Frameworks */,
			);
			sourceTree = "<group>";
		};
		698A1AF52926901C00E961E6 /* Products */ = {
			isa = PBXGroup;
			children = (
				698A1AF42926901C00E961E6 /* to-do app.app */,
			);
			name = Products;
			sourceTree = "<group>";
		};
		698A1AF62926901C00E961E6 /* to-do app */ = {
			isa = PBXGroup;
			children = (
				04516814293ED848005FDD28 /* Models */,
				04516811293ED7F5005FDD28 /* Views */,
				04516810293ED7B5005FDD28 /* ViewControllers */,
				698A1AF72926901C00E961E6 /* AppDelegate.swift */,
				698A1AF92926901C00E961E6 /* SceneDelegate.swift */,
				698A1AFD2926901D00E961E6 /* Main.storyboard */,
				693F5DEE29361C3800E25A6B /* TodoModel.xcdatamodeld */,
				698A1B002926904500E961E6 /* Assets.xcassets */,
				698A1B022926904500E961E6 /* LaunchScreen.storyboard */,
				698A1B052926904500E961E6 /* Info.plist */,
			);
			path = "to-do app";
			sourceTree = "<group>";
		};
		71A8F22C508BA530C3D52598 /* Frameworks */ = {
			isa = PBXGroup;
			children = (
				B2B034A13519AE7F559AED91 /* Pods_to_do_app.framework */,
			);
			name = Frameworks;
			sourceTree = "<group>";
		};
		BAB613343C6CC983024F5BD8 /* Pods */ = {
			isa = PBXGroup;
			children = (
				1D105371F0717C82FCD7705C /* Pods-to-do app.debug.xcconfig */,
				DDAB08A91F5A64F50AF7D119 /* Pods-to-do app.release.xcconfig */,
			);
			path = Pods;
			sourceTree = "<group>";
		};
/* End PBXGroup section */

/* Begin PBXNativeTarget section */
		698A1AF32926901C00E961E6 /* to-do app */ = {
			isa = PBXNativeTarget;
			buildConfigurationList = 698A1B082926904500E961E6 /* Build configuration list for PBXNativeTarget "to-do app" */;
			buildPhases = (
				8F965631F507BB75A441DD37 /* [CP] Check Pods Manifest.lock */,
				698A1AF02926901C00E961E6 /* Sources */,
				698A1AF12926901C00E961E6 /* Frameworks */,
				698A1AF22926901C00E961E6 /* Resources */,
				8C0BB5AB04993F5C3FAADFB2 /* [CP] Embed Pods Frameworks */,
			);
			buildRules = (
			);
			dependencies = (
			);
			name = "to-do app";
			productName = "to-do app";
			productReference = 698A1AF42926901C00E961E6 /* to-do app.app */;
			productType = "com.apple.product-type.application";
		};
/* End PBXNativeTarget section */

/* Begin PBXProject section */
		698A1AEC2926901C00E961E6 /* Project object */ = {
			isa = PBXProject;
			attributes = {
				LastSwiftUpdateCheck = 1240;
				LastUpgradeCheck = 1240;
				TargetAttributes = {
					698A1AF32926901C00E961E6 = {
						CreatedOnToolsVersion = 12.4;
					};
				};
			};
			buildConfigurationList = 698A1AEF2926901C00E961E6 /* Build configuration list for PBXProject "to-do app" */;
			compatibilityVersion = "Xcode 9.3";
			developmentRegion = en;
			hasScannedForEncodings = 0;
			knownRegions = (
				en,
				Base,
			);
			mainGroup = 698A1AEB2926901C00E961E6;
			productRefGroup = 698A1AF52926901C00E961E6 /* Products */;
			projectDirPath = "";
			projectRoot = "";
			targets = (
				698A1AF32926901C00E961E6 /* to-do app */,
			);
		};
/* End PBXProject section */

/* Begin PBXResourcesBuildPhase section */
		698A1AF22926901C00E961E6 /* Resources */ = {
			isa = PBXResourcesBuildPhase;
			buildActionMask = 2147483647;
			files = (
				698A1B042926904500E961E6 /* LaunchScreen.storyboard in Resources */,
				698A1B012926904500E961E6 /* Assets.xcassets in Resources */,
				698A1AFF2926901D00E961E6 /* Main.storyboard in Resources */,
			);
			runOnlyForDeploymentPostprocessing = 0;
		};
/* End PBXResourcesBuildPhase section */

/* Begin PBXShellScriptBuildPhase section */
		8C0BB5AB04993F5C3FAADFB2 /* [CP] Embed Pods Frameworks */ = {
			isa = PBXShellScriptBuildPhase;
			buildActionMask = 2147483647;
			files = (
			);
			inputFileListPaths = (
				"${PODS_ROOT}/Target Support Files/Pods-to-do app/Pods-to-do app-frameworks-${CONFIGURATION}-input-files.xcfilelist",
			);
			name = "[CP] Embed Pods Frameworks";
			outputFileListPaths = (
				"${PODS_ROOT}/Target Support Files/Pods-to-do app/Pods-to-do app-frameworks-${CONFIGURATION}-output-files.xcfilelist",
			);
			runOnlyForDeploymentPostprocessing = 0;
			shellPath = /bin/sh;
			shellScript = "\"${PODS_ROOT}/Target Support Files/Pods-to-do app/Pods-to-do app-frameworks.sh\"\n";
			showEnvVarsInLog = 0;
		};
		8F965631F507BB75A441DD37 /* [CP] Check Pods Manifest.lock */ = {
			isa = PBXShellScriptBuildPhase;
			buildActionMask = 2147483647;
			files = (
			);
			inputFileListPaths = (
			);
			inputPaths = (
				"${PODS_PODFILE_DIR_PATH}/Podfile.lock",
				"${PODS_ROOT}/Manifest.lock",
			);
			name = "[CP] Check Pods Manifest.lock";
			outputFileListPaths = (
			);
			outputPaths = (
				"$(DERIVED_FILE_DIR)/Pods-to-do app-checkManifestLockResult.txt",
			);
			runOnlyForDeploymentPostprocessing = 0;
			shellPath = /bin/sh;
			shellScript = "diff \"${PODS_PODFILE_DIR_PATH}/Podfile.lock\" \"${PODS_ROOT}/Manifest.lock\" > /dev/null\nif [ $? != 0 ] ; then\n    # print error to STDERR\n    echo \"error: The sandbox is not in sync with the Podfile.lock. Run 'pod install' or update your CocoaPods installation.\" >&2\n    exit 1\nfi\n# This output is used by Xcode 'outputs' to avoid re-running this script phase.\necho \"SUCCESS\" > \"${SCRIPT_OUTPUT_FILE_0}\"\n";
			showEnvVarsInLog = 0;
		};
/* End PBXShellScriptBuildPhase section */

/* Begin PBXSourcesBuildPhase section */
		698A1AF02926901C00E961E6 /* Sources */ = {
			isa = PBXSourcesBuildPhase;
			buildActionMask = 2147483647;
			files = (
				698A1B1C2926C5F800E961E6 /* TaskDetailsVC.swift in Sources */,
				0451681E2940B46B005FDD28 /* MyAlertViewController.swift in Sources */,
				698A1B162926989700E961E6 /* TaskCell.swift in Sources */,
				698A1B1F2927BFE200E961E6 /* AddTaskVC.swift in Sources */,
				698A1AF82926901C00E961E6 /* AppDelegate.swift in Sources */,
				698A1B192926996D00E961E6 /* Task.swift in Sources */,
				04516816293ED86C005FDD28 /* TaskStorage.swift in Sources */,
				693F5DF029361C3900E25A6B /* TodoModel.xcdatamodeld in Sources */,
				698A1AFA2926901C00E961E6 /* SceneDelegate.swift in Sources */,
				698A1B12292694F300E961E6 /* TodoVC.swift in Sources */,
			);
			runOnlyForDeploymentPostprocessing = 0;
		};
/* End PBXSourcesBuildPhase section */

/* Begin PBXVariantGroup section */
		698A1AFD2926901D00E961E6 /* Main.storyboard */ = {
			isa = PBXVariantGroup;
			children = (
				698A1AFE2926901D00E961E6 /* Base */,
			);
			name = Main.storyboard;
			sourceTree = "<group>";
		};
		698A1B022926904500E961E6 /* LaunchScreen.storyboard */ = {
			isa = PBXVariantGroup;
			children = (
				698A1B032926904500E961E6 /* Base */,
			);
			name = LaunchScreen.storyboard;
			sourceTree = "<group>";
		};
/* End PBXVariantGroup section */

/* Begin XCBuildConfiguration section */
		698A1B062926904500E961E6 /* Debug */ = {
			isa = XCBuildConfiguration;
			buildSettings = {
				ALWAYS_SEARCH_USER_PATHS = NO;
				CLANG_ANALYZER_NONNULL = YES;
				CLANG_ANALYZER_NUMBER_OBJECT_CONVERSION = YES_AGGRESSIVE;
				CLANG_CXX_LANGUAGE_STANDARD = "gnu++14";
				CLANG_CXX_LIBRARY = "libc++";
				CLANG_ENABLE_MODULES = YES;
				CLANG_ENABLE_OBJC_ARC = YES;
				CLANG_ENABLE_OBJC_WEAK = YES;
				CLANG_WARN_BLOCK_CAPTURE_AUTORELEASING = YES;
				CLANG_WARN_BOOL_CONVERSION = YES;
				CLANG_WARN_COMMA = YES;
				CLANG_WARN_CONSTANT_CONVERSION = YES;
				CLANG_WARN_DEPRECATED_OBJC_IMPLEMENTATIONS = YES;
				CLANG_WARN_DIRECT_OBJC_ISA_USAGE = YES_ERROR;
				CLANG_WARN_DOCUMENTATION_COMMENTS = YES;
				CLANG_WARN_EMPTY_BODY = YES;
				CLANG_WARN_ENUM_CONVERSION = YES;
				CLANG_WARN_INFINITE_RECURSION = YES;
				CLANG_WARN_INT_CONVERSION = YES;
				CLANG_WARN_NON_LITERAL_NULL_CONVERSION = YES;
				CLANG_WARN_OBJC_IMPLICIT_RETAIN_SELF = YES;
				CLANG_WARN_OBJC_LITERAL_CONVERSION = YES;
				CLANG_WARN_OBJC_ROOT_CLASS = YES_ERROR;
				CLANG_WARN_QUOTED_INCLUDE_IN_FRAMEWORK_HEADER = YES;
				CLANG_WARN_RANGE_LOOP_ANALYSIS = YES;
				CLANG_WARN_STRICT_PROTOTYPES = YES;
				CLANG_WARN_SUSPICIOUS_MOVE = YES;
				CLANG_WARN_UNGUARDED_AVAILABILITY = YES_AGGRESSIVE;
				CLANG_WARN_UNREACHABLE_CODE = YES;
				CLANG_WARN__DUPLICATE_METHOD_MATCH = YES;
				COPY_PHASE_STRIP = NO;
				DEBUG_INFORMATION_FORMAT = dwarf;
				ENABLE_STRICT_OBJC_MSGSEND = YES;
				ENABLE_TESTABILITY = YES;
				GCC_C_LANGUAGE_STANDARD = gnu11;
				GCC_DYNAMIC_NO_PIC = NO;
				GCC_NO_COMMON_BLOCKS = YES;
				GCC_OPTIMIZATION_LEVEL = 0;
				GCC_PREPROCESSOR_DEFINITIONS = (
					"DEBUG=1",
					"$(inherited)",
				);
				GCC_WARN_64_TO_32_BIT_CONVERSION = YES;
				GCC_WARN_ABOUT_RETURN_TYPE = YES_ERROR;
				GCC_WARN_UNDECLARED_SELECTOR = YES;
				GCC_WARN_UNINITIALIZED_AUTOS = YES_AGGRESSIVE;
				GCC_WARN_UNUSED_FUNCTION = YES;
				GCC_WARN_UNUSED_VARIABLE = YES;
				IPHONEOS_DEPLOYMENT_TARGET = 14.4;
				MTL_ENABLE_DEBUG_INFO = INCLUDE_SOURCE;
				MTL_FAST_MATH = YES;
				ONLY_ACTIVE_ARCH = YES;
				SDKROOT = iphoneos;
				SWIFT_ACTIVE_COMPILATION_CONDITIONS = DEBUG;
				SWIFT_OPTIMIZATION_LEVEL = "-Onone";
			};
			name = Debug;
		};
		698A1B072926904500E961E6 /* Release */ = {
			isa = XCBuildConfiguration;
			buildSettings = {
				ALWAYS_SEARCH_USER_PATHS = NO;
				CLANG_ANALYZER_NONNULL = YES;
				CLANG_ANALYZER_NUMBER_OBJECT_CONVERSION = YES_AGGRESSIVE;
				CLANG_CXX_LANGUAGE_STANDARD = "gnu++14";
				CLANG_CXX_LIBRARY = "libc++";
				CLANG_ENABLE_MODULES = YES;
				CLANG_ENABLE_OBJC_ARC = YES;
				CLANG_ENABLE_OBJC_WEAK = YES;
				CLANG_WARN_BLOCK_CAPTURE_AUTORELEASING = YES;
				CLANG_WARN_BOOL_CONVERSION = YES;
				CLANG_WARN_COMMA = YES;
				CLANG_WARN_CONSTANT_CONVERSION = YES;
				CLANG_WARN_DEPRECATED_OBJC_IMPLEMENTATIONS = YES;
				CLANG_WARN_DIRECT_OBJC_ISA_USAGE = YES_ERROR;
				CLANG_WARN_DOCUMENTATION_COMMENTS = YES;
				CLANG_WARN_EMPTY_BODY = YES;
				CLANG_WARN_ENUM_CONVERSION = YES;
				CLANG_WARN_INFINITE_RECURSION = YES;
				CLANG_WARN_INT_CONVERSION = YES;
				CLANG_WARN_NON_LITERAL_NULL_CONVERSION = YES;
				CLANG_WARN_OBJC_IMPLICIT_RETAIN_SELF = YES;
				CLANG_WARN_OBJC_LITERAL_CONVERSION = YES;
				CLANG_WARN_OBJC_ROOT_CLASS = YES_ERROR;
				CLANG_WARN_QUOTED_INCLUDE_IN_FRAMEWORK_HEADER = YES;
				CLANG_WARN_RANGE_LOOP_ANALYSIS = YES;
				CLANG_WARN_STRICT_PROTOTYPES = YES;
				CLANG_WARN_SUSPICIOUS_MOVE = YES;
				CLANG_WARN_UNGUARDED_AVAILABILITY = YES_AGGRESSIVE;
				CLANG_WARN_UNREACHABLE_CODE = YES;
				CLANG_WARN__DUPLICATE_METHOD_MATCH = YES;
				COPY_PHASE_STRIP = NO;
				DEBUG_INFORMATION_FORMAT = "dwarf-with-dsym";
				ENABLE_NS_ASSERTIONS = NO;
				ENABLE_STRICT_OBJC_MSGSEND = YES;
				GCC_C_LANGUAGE_STANDARD = gnu11;
				GCC_NO_COMMON_BLOCKS = YES;
				GCC_WARN_64_TO_32_BIT_CONVERSION = YES;
				GCC_WARN_ABOUT_RETURN_TYPE = YES_ERROR;
				GCC_WARN_UNDECLARED_SELECTOR = YES;
				GCC_WARN_UNINITIALIZED_AUTOS = YES_AGGRESSIVE;
				GCC_WARN_UNUSED_FUNCTION = YES;
				GCC_WARN_UNUSED_VARIABLE = YES;
				IPHONEOS_DEPLOYMENT_TARGET = 14.4;
				MTL_ENABLE_DEBUG_INFO = NO;
				MTL_FAST_MATH = YES;
				SDKROOT = iphoneos;
				SWIFT_COMPILATION_MODE = wholemodule;
				SWIFT_OPTIMIZATION_LEVEL = "-O";
				VALIDATE_PRODUCT = YES;
			};
			name = Release;
		};
		698A1B092926904500E961E6 /* Debug */ = {
			isa = XCBuildConfiguration;
			baseConfigurationReference = 1D105371F0717C82FCD7705C /* Pods-to-do app.debug.xcconfig */;
			buildSettings = {
				ASSETCATALOG_COMPILER_APPICON_NAME = AppIcon;
				ASSETCATALOG_COMPILER_GLOBAL_ACCENT_COLOR_NAME = AccentColor;
				CODE_SIGN_STYLE = Automatic;
				INFOPLIST_FILE = "to-do app/Info.plist";
				LD_RUNPATH_SEARCH_PATHS = (
					"$(inherited)",
					"@executable_path/Frameworks",
				);
				PRODUCT_BUNDLE_IDENTIFIER = "tuwaiq.to-do-app";
				PRODUCT_NAME = "$(TARGET_NAME)";
				SWIFT_VERSION = 5.0;
				TARGETED_DEVICE_FAMILY = "1,2";
			};
			name = Debug;
		};
		698A1B0A2926904500E961E6 /* Release */ = {
			isa = XCBuildConfiguration;
			baseConfigurationReference = DDAB08A91F5A64F50AF7D119 /* Pods-to-do app.release.xcconfig */;
			buildSettings = {
				ASSETCATALOG_COMPILER_APPICON_NAME = AppIcon;
				ASSETCATALOG_COMPILER_GLOBAL_ACCENT_COLOR_NAME = AccentColor;
				CODE_SIGN_STYLE = Automatic;
				INFOPLIST_FILE = "to-do app/Info.plist";
				LD_RUNPATH_SEARCH_PATHS = (
					"$(inherited)",
					"@executable_path/Frameworks",
				);
				PRODUCT_BUNDLE_IDENTIFIER = "tuwaiq.to-do-app";
				PRODUCT_NAME = "$(TARGET_NAME)";
				SWIFT_VERSION = 5.0;
				TARGETED_DEVICE_FAMILY = "1,2";
			};
			name = Release;
		};
/* End XCBuildConfiguration section */

/* Begin XCConfigurationList section */
		698A1AEF2926901C00E961E6 /* Build configuration list for PBXProject "to-do app" */ = {
			isa = XCConfigurationList;
			buildConfigurations = (
				698A1B062926904500E961E6 /* Debug */,
				698A1B072926904500E961E6 /* Release */,
			);
			defaultConfigurationIsVisible = 0;
			defaultConfigurationName = Release;
		};
		698A1B082926904500E961E6 /* Build configuration list for PBXNativeTarget "to-do app" */ = {
			isa = XCConfigurationList;
			buildConfigurations = (
				698A1B092926904500E961E6 /* Debug */,
				698A1B0A2926904500E961E6 /* Release */,
			);
			defaultConfigurationIsVisible = 0;
			defaultConfigurationName = Release;
		};
/* End XCConfigurationList section */

/* Begin XCVersionGroup section */
		693F5DEE29361C3800E25A6B /* TodoModel.xcdatamodeld */ = {
			isa = XCVersionGroup;
			children = (
				693F5DEF29361C3800E25A6B /* TodoModel.xcdatamodel */,
			);
			currentVersion = 693F5DEF29361C3800E25A6B /* TodoModel.xcdatamodel */;
			path = TodoModel.xcdatamodeld;
			sourceTree = "<group>";
			versionGroupType = wrapper.xcdatamodel;
		};
/* End XCVersionGroup section */
	};
	rootObject = 698A1AEC2926901C00E961E6 /* Project object */;
}
